# This lock file was generated by conda-lock (https://github.com/conda/conda-lock). DO NOT EDIT!
#
# A "lock file" contains a concrete list of package versions (with checksums) to be installed. Unlike
# e.g. `conda env create`, the resulting environment will not change as new package versions become
# available, unless you explicitly update the lock file.
#
# Install this environment as "YOURENV" with:
#     conda-lock install -n YOURENV --file conda-lock.yml
# To update a single package to the latest version compatible with the version constraints in the source:
#     conda-lock lock  --lockfile conda-lock.yml --update PACKAGE
# To re-solve the entire environment, e.g. after changing a version constraint in the source file:
#     conda-lock -f environment.yml --lockfile conda-lock.yml
version: 1
metadata:
  content_hash:
    linux-64: 274a1c65d5c402936e6821f2cdde6942d30801a724bdeeabdd2aeaaaaa80047f
  channels:
  - url: conda-forge
    used_env_vars: []
  platforms:
  - linux-64
  sources:
  - environment.yml
package:
- name: _libgcc_mutex
  version: '0.1'
  manager: conda
  platform: linux-64
  dependencies: {}
  url: https://conda.anaconda.org/conda-forge/linux-64/_libgcc_mutex-0.1-conda_forge.tar.bz2
  hash:
    md5: d7c89558ba9fa0495403155b64376d81
    sha256: fe51de6107f9edc7aa4f786a70f4a883943bc9d39b3bb7307c04c41410990726
  category: main
  optional: false
- name: ca-certificates
  version: 2023.7.22
  manager: conda
  platform: linux-64
  dependencies: {}
  url: https://conda.anaconda.org/conda-forge/linux-64/ca-certificates-2023.7.22-hbcca054_0.conda
  hash:
    md5: a73ecd2988327ad4c8f2c331482917f2
    sha256: 525b7b6b5135b952ec1808de84e5eca57c7c7ff144e29ef3e96ae4040ff432c1
  category: main
  optional: false
- name: ld_impl_linux-64
  version: '2.40'
  manager: conda
  platform: linux-64
  dependencies: {}
  url: https://conda.anaconda.org/conda-forge/linux-64/ld_impl_linux-64-2.40-h41732ed_0.conda
  hash:
    md5: 7aca3059a1729aa76c597603f10b0dd3
    sha256: f6cc89d887555912d6c61b295d398cff9ec982a3417d38025c45d5dd9b9e79cd
  category: main
  optional: false
- name: libstdcxx-ng
  version: 13.2.0
  manager: conda
  platform: linux-64
  dependencies: {}
  url: https://conda.anaconda.org/conda-forge/linux-64/libstdcxx-ng-13.2.0-h7e041cc_2.conda
  hash:
    md5: 9172c297304f2a20134fc56c97fbe229
    sha256: ab22ecdc974cdbe148874ea876d9c564294d5eafa760f403ed4fd495307b4243
  category: main
  optional: false
- name: libgomp
  version: 13.2.0
  manager: conda
  platform: linux-64
  dependencies:
    _libgcc_mutex: '0.1'
  url: https://conda.anaconda.org/conda-forge/linux-64/libgomp-13.2.0-h807b86a_2.conda
  hash:
    md5: e2042154faafe61969556f28bade94b9
    sha256: e1e82348f8296abfe344162b3b5f0ddc2f504759ebeb8b337ba99beaae583b15
  category: main
  optional: false
- name: _openmp_mutex
  version: '4.5'
  manager: conda
  platform: linux-64
  dependencies:
    _libgcc_mutex: '0.1'
    libgomp: '>=7.5.0'
  url: https://conda.anaconda.org/conda-forge/linux-64/_openmp_mutex-4.5-2_gnu.tar.bz2
  hash:
    md5: 73aaf86a425cc6e73fcf236a5a46396d
    sha256: fbe2c5e56a653bebb982eda4876a9178aedfc2b545f25d0ce9c4c0b508253d22
  category: main
  optional: false
- name: libgcc-ng
  version: 13.2.0
  manager: conda
  platform: linux-64
  dependencies:
    _libgcc_mutex: '0.1'
    _openmp_mutex: '>=4.5'
  url: https://conda.anaconda.org/conda-forge/linux-64/libgcc-ng-13.2.0-h807b86a_2.conda
  hash:
    md5: c28003b0be0494f9a7664389146716ff
    sha256: d361d3c87c376642b99c1fc25cddec4b9905d3d9b9203c1c545b8c8c1b04539a
  category: main
  optional: false
- name: gettext
  version: 0.21.1
  manager: conda
  platform: linux-64
  dependencies:
    libgcc-ng: '>=12'
  url: https://conda.anaconda.org/conda-forge/linux-64/gettext-0.21.1-h27087fc_0.tar.bz2
  hash:
    md5: 14947d8770185e5153fdd04d4673ed37
    sha256: 4fcfedc44e4c9a053f0416f9fc6ab6ed50644fca3a761126dbd00d09db1f546a
  category: main
  optional: false
- name: libexpat
  version: 2.5.0
  manager: conda
  platform: linux-64
  dependencies:
    libgcc-ng: '>=12'
  url: https://conda.anaconda.org/conda-forge/linux-64/libexpat-2.5.0-hcb278e6_1.conda
  hash:
    md5: 6305a3dd2752c76335295da4e581f2fd
    sha256: 74c98a563777ae2ad71f1f74d458a8ab043cee4a513467c159ccf159d0e461f3
  category: main
  optional: false
- name: libffi
  version: 3.2.1
  manager: conda
  platform: linux-64
  dependencies:
    libgcc-ng: '>=7.3.0'
    libstdcxx-ng: '>=7.3.0'
  url: https://conda.anaconda.org/conda-forge/linux-64/libffi-3.2.1-he1b5a44_1007.tar.bz2
  hash:
    md5: 11389072d7d6036fd811c3d9460475cd
    sha256: 992246df63724484e9ee8652ce3ca0237f707961beab8b813096bbc647cf84f4
  category: main
  optional: false
- name: libiconv
  version: '1.17'
  manager: conda
  platform: linux-64
  dependencies:
    libgcc-ng: '>=10.3.0'
  url: https://conda.anaconda.org/conda-forge/linux-64/libiconv-1.17-h166bdaf_0.tar.bz2
  hash:
    md5: b62b52da46c39ee2bc3c162ac7f1804d
    sha256: 6a81ebac9f1aacdf2b4f945c87ad62b972f0f69c8e0981d68e111739e6720fd7
  category: main
  optional: false
- name: libzlib
  version: 1.2.13
  manager: conda
  platform: linux-64
  dependencies:
    libgcc-ng: '>=12'
  url: https://conda.anaconda.org/conda-forge/linux-64/libzlib-1.2.13-hd590300_5.conda
  hash:
    md5: f36c115f1ee199da648e0597ec2047ad
    sha256: 370c7c5893b737596fd6ca0d9190c9715d89d888b8c88537ae1ef168c25e82e4
  category: main
  optional: false
- name: ncurses
  version: '6.4'
  manager: conda
  platform: linux-64
  dependencies:
    libgcc-ng: '>=12'
  url: https://conda.anaconda.org/conda-forge/linux-64/ncurses-6.4-hcb278e6_0.conda
  hash:
    md5: 681105bccc2a3f7f1a837d47d39c9179
    sha256: ccf61e61d58a8a7b2d66822d5568e2dc9387883dd9b2da61e1d787ece4c4979a
  category: main
  optional: false
- name: openssl
  version: 1.1.1w
  manager: conda
  platform: linux-64
  dependencies:
    ca-certificates: ''
    libgcc-ng: '>=12'
  url: https://conda.anaconda.org/conda-forge/linux-64/openssl-1.1.1w-hd590300_0.conda
  hash:
    md5: 301e70057a3bd399640bb16bbdf87995
    sha256: 4fe19885c77f0758084feb54954bd1977dfeeab7134fba0a1d9c0cfff821d6bd
  category: main
  optional: false
- name: pcre
  version: '8.45'
  manager: conda
  platform: linux-64
  dependencies:
    libgcc-ng: '>=9.3.0'
    libstdcxx-ng: '>=9.3.0'
  url: https://conda.anaconda.org/conda-forge/linux-64/pcre-8.45-h9c3ff4c_0.tar.bz2
  hash:
    md5: c05d1820a6d34ff07aaaab7a9b7eddaa
    sha256: 8f35c244b1631a4f31fb1d66ab6e1d9bfac0ca9b679deced1112c7225b3ad138
  category: main
  optional: false
- name: xz
  version: 5.2.6
  manager: conda
  platform: linux-64
  dependencies:
    libgcc-ng: '>=12'
  url: https://conda.anaconda.org/conda-forge/linux-64/xz-5.2.6-h166bdaf_0.tar.bz2
  hash:
    md5: 2161070d867d1b1204ea749c8eec4ef0
    sha256: 03a6d28ded42af8a347345f82f3eebdd6807a08526d47899a42d62d319609162
  category: main
  optional: false
- name: yaml
  version: 0.2.5
  manager: conda
  platform: linux-64
  dependencies:
    libgcc-ng: '>=9.4.0'
  url: https://conda.anaconda.org/conda-forge/linux-64/yaml-0.2.5-h7f98852_2.tar.bz2
  hash:
    md5: 4cb3ad778ec2d5a7acbdf254eb1c42ae
    sha256: a4e34c710eeb26945bdbdaba82d3d74f60a78f54a874ec10d373811a5d217535
  category: main
  optional: false
- name: expat
  version: 2.5.0
  manager: conda
  platform: linux-64
  dependencies:
    libexpat: 2.5.0
    libgcc-ng: '>=12'
  url: https://conda.anaconda.org/conda-forge/linux-64/expat-2.5.0-hcb278e6_1.conda
  hash:
    md5: 8b9b5aca60558d02ddaa09d599e55920
    sha256: 36dfeb4375059b3bba75ce9b38c29c69fd257342a79e6cf20e9f25c1523f785f
  category: main
  optional: false
- name: libsqlite
  version: 3.43.2
  manager: conda
  platform: linux-64
  dependencies:
    libgcc-ng: '>=12'
    libzlib: '>=1.2.13,<1.3.0a0'
  url: https://conda.anaconda.org/conda-forge/linux-64/libsqlite-3.43.2-h2797004_0.conda
  hash:
    md5: 4b441a1ee22397d5a27dc1126b849edd
    sha256: b30279b67fce2382a93c638625ff2b284324e2347e30bd0acab813d89289c18a
  category: main
  optional: false
- name: readline
  version: '8.2'
  manager: conda
  platform: linux-64
  dependencies:
    libgcc-ng: '>=12'
    ncurses: '>=6.3,<7.0a0'
  url: https://conda.anaconda.org/conda-forge/linux-64/readline-8.2-h8228510_1.conda
  hash:
    md5: 47d31b792659ce70f470b5c82fdfb7a4
    sha256: 5435cf39d039387fbdc977b0a762357ea909a7694d9528ab40f005e9208744d7
  category: main
  optional: false
- name: tk
  version: 8.6.13
  manager: conda
  platform: linux-64
  dependencies:
    libgcc-ng: '>=12'
    libzlib: '>=1.2.13,<1.3.0a0'
  url: https://conda.anaconda.org/conda-forge/linux-64/tk-8.6.13-h2797004_0.conda
  hash:
    md5: 513336054f884f95d9fd925748f41ef3
    sha256: 679e944eb93fde45d0963a22598fafacbb429bb9e7ee26009ba81c4e0c435055
  category: main
  optional: false
- name: zlib
  version: 1.2.13
  manager: conda
  platform: linux-64
  dependencies:
    libgcc-ng: '>=12'
    libzlib: 1.2.13
  url: https://conda.anaconda.org/conda-forge/linux-64/zlib-1.2.13-hd590300_5.conda
  hash:
    md5: 68c34ec6149623be41a1933ab996a209
    sha256: 9887a04d7e7cb14bd2b52fa01858f05a6d7f002c890f618d9fcd864adbfecb1b
  category: main
  optional: false
- name: libglib
  version: 2.66.3
  manager: conda
  platform: linux-64
  dependencies:
    gettext: '>=0.19.8.1,<1.0a0'
    libffi: '>=3.2.1,<3.3.0a0'
    libgcc-ng: '>=7.5.0'
    libiconv: '>=1.16,<1.17.0a0'
    libstdcxx-ng: '>=7.5.0'
    pcre: '>=8.44,<9.0a0'
    zlib: '>=1.2.11,<1.3.0a0'
  url: https://conda.anaconda.org/conda-forge/linux-64/libglib-2.66.3-hbe7bbb4_0.tar.bz2
  hash:
    md5: d5a09a9e981849b751cb75656b7302a0
    sha256: 7af955f570502d7ad9eaf90b4b872a448cf1838cbf4827488d29df5017f43cf0
  category: main
  optional: false
- name: sqlite
  version: 3.43.2
  manager: conda
  platform: linux-64
  dependencies:
    libgcc-ng: '>=12'
    libsqlite: 3.43.2
    libzlib: '>=1.2.13,<1.3.0a0'
    ncurses: '>=6.4,<7.0a0'
    readline: '>=8.2,<9.0a0'
  url: https://conda.anaconda.org/conda-forge/linux-64/sqlite-3.43.2-h2c6b66d_0.conda
  hash:
    md5: c37b95bcd6c6833dacfd5df0ae2f4303
    sha256: f49389e9cce5bdc451d1c5b56972cf5f75b1ba00350d35ab099848e65b32e94f
  category: main
  optional: false
- name: python
  version: 3.8.1
  manager: conda
  platform: linux-64
  dependencies:
    ld_impl_linux-64: ''
    libffi: '>=3.2.1,<3.3.0a0'
    libgcc-ng: '>=7.3.0'
    libstdcxx-ng: '>=7.3.0'
    openssl: '>=1.1.1a,<1.1.2a'
    readline: '>=8.0,<9.0a0'
    sqlite: '>=3.30.1,<4.0a0'
    tk: '>=8.6.10,<8.7.0a0'
    xz: '>=5.2.4,<5.3.0a0'
    zlib: '>=1.2.11,<1.3.0a0'
  url: https://conda.anaconda.org/conda-forge/linux-64/python-3.8.1-h357f687_2.tar.bz2
  hash:
    md5: e860ad02b3a59c645b68f422b3d49e84
    sha256: 8f8ab267e32519c9d88e95eabfa5381df37dae2c5ad700b8493263e170ac03c9
  category: main
  optional: false
- name: appdirs
  version: 1.4.4
  manager: conda
  platform: linux-64
  dependencies:
    python: ''
  url: https://conda.anaconda.org/conda-forge/noarch/appdirs-1.4.4-pyh9f0ad1d_0.tar.bz2
  hash:
    md5: 5f095bc6454094e96f146491fd03633b
    sha256: ae9fb8f68281f84482f2c234379aa12405a9e365151d43af20b3ae1f17312111
  category: main
  optional: false
- name: blinker
  version: 1.6.3
  manager: conda
  platform: linux-64
  dependencies:
    python: '>=3.7'
  url: https://conda.anaconda.org/conda-forge/noarch/blinker-1.6.3-pyhd8ed1ab_0.conda
  hash:
    md5: d33cf7357de636cec64320f0c4fb7b6f
    sha256: b9e264f0acb369040da1c3cbeb032b0ca54e017ffe166cd9d946dab78dad0d44
  category: main
  optional: false
- name: cached_property
  version: 1.5.2
  manager: conda
  platform: linux-64
  dependencies:
    python: '>=3.6'
  url: https://conda.anaconda.org/conda-forge/noarch/cached_property-1.5.2-pyha770c72_1.tar.bz2
  hash:
    md5: 576d629e47797577ab0f1b351297ef4a
    sha256: 6dbf7a5070cc43d90a1e4c2ec0c541c69d8e30a0e25f50ce9f6e4a432e42c5d7
  category: main
  optional: false
- name: cachy
  version: 0.3.0
  manager: conda
  platform: linux-64
  dependencies:
    python: '>=3.6'
  url: https://conda.anaconda.org/conda-forge/noarch/cachy-0.3.0-pyhd8ed1ab_1.tar.bz2
  hash:
    md5: 5dfee17f24e2dfd18d7392b48c9351e2
    sha256: 9b193a4e483c4d0004bc5b88fac7a02516b6311137ab61b8db85aa9741422e35
  category: main
  optional: false
- name: certifi
  version: 2023.7.22
  manager: conda
  platform: linux-64
  dependencies:
    python: '>=3.7'
  url: https://conda.anaconda.org/conda-forge/noarch/certifi-2023.7.22-pyhd8ed1ab_0.conda
  hash:
    md5: 7f3dbc9179b4dde7da98dfb151d0ad22
    sha256: db66e31866ff4250c190788769e3a8a1709237c3e9c38d7143aae95ab75fcb31
  category: main
  optional: false
- name: charset-normalizer
  version: 3.3.0
  manager: conda
  platform: linux-64
  dependencies:
    python: '>=3.7'
  url: https://conda.anaconda.org/conda-forge/noarch/charset-normalizer-3.3.0-pyhd8ed1ab_0.conda
  hash:
    md5: fef8ef5f0a54546b9efee39468229917
    sha256: 3407cd21af7e85aeb9499c377e7db25d2bbb9cbaf2f47d92626b3471dca65b4c
  category: main
  optional: false
- name: click
  version: 8.1.7
  manager: conda
  platform: linux-64
  dependencies:
    __unix: ''
    python: '>=3.8'
  url: https://conda.anaconda.org/conda-forge/noarch/click-8.1.7-unix_pyh707e725_0.conda
  hash:
    md5: f3ad426304898027fc619827ff428eca
    sha256: f0016cbab6ac4138a429e28dbcb904a90305b34b3fe41a9b89d697c90401caec
  category: main
  optional: false
- name: crashtest
  version: 0.4.1
  manager: conda
  platform: linux-64
  dependencies:
    python: '>=3.6,<4.0'
  url: https://conda.anaconda.org/conda-forge/noarch/crashtest-0.4.1-pyhd8ed1ab_0.tar.bz2
  hash:
    md5: 709a2295dd907bb34afb57d54320642f
    sha256: 2f05954a3faf0700c14c1deddc085385160ee32abe111699c78d9cb277e915cc
  category: main
  optional: false
- name: distlib
  version: 0.3.7
  manager: conda
  platform: linux-64
  dependencies:
    python: 2.7|>=3.6
  url: https://conda.anaconda.org/conda-forge/noarch/distlib-0.3.7-pyhd8ed1ab_0.conda
  hash:
    md5: 12d8aae6994f342618443a8f05c652a0
    sha256: 13c887cb4a29e1e853a118cfc0e42b72a7e1d1c50c66c0974885d37f0db30619
  category: main
  optional: false
- name: filelock
  version: 3.12.4
  manager: conda
  platform: linux-64
  dependencies:
    python: '>=3.7'
  url: https://conda.anaconda.org/conda-forge/noarch/filelock-3.12.4-pyhd8ed1ab_0.conda
  hash:
    md5: 5173d4b8267a0699a43d73231e0b6596
    sha256: 7463c64364c14b34a7a69a7550a880ccd1ec6d3014001e55913e6e4e8b0c7395
  category: main
  optional: false
- name: glib
  version: 2.66.3
  manager: conda
  platform: linux-64
  dependencies:
    libgcc-ng: '>=7.5.0'
    libglib: 2.66.3
    libstdcxx-ng: '>=7.5.0'
    python: '*'
  url: https://conda.anaconda.org/conda-forge/linux-64/glib-2.66.3-h58526e2_0.tar.bz2
  hash:
    md5: 62c2e5c84f6cdc7ded2307ef9c30dc8c
    sha256: d5aa4854acd35dae97d61ce20ac2d12bf78e7fc3fd9656765b4823d52f32eadb
  category: main
  optional: false
- name: idna
  version: '3.4'
  manager: conda
  platform: linux-64
  dependencies:
    python: '>=3.6'
  url: https://conda.anaconda.org/conda-forge/noarch/idna-3.4-pyhd8ed1ab_0.tar.bz2
  hash:
    md5: 34272b248891bddccc64479f9a7fffed
    sha256: 9887c35c374ec1847f167292d3fde023cb4c994a4ceeec283072b95440131f09
  category: main
  optional: false
- name: jeepney
  version: 0.8.0
  manager: conda
  platform: linux-64
  dependencies:
    python: '>=3.7'
  url: https://conda.anaconda.org/conda-forge/noarch/jeepney-0.8.0-pyhd8ed1ab_0.tar.bz2
  hash:
    md5: 9800ad1699b42612478755a2d26c722d
    sha256: 16639759b811866d63315fe1391f6fb45f5478b823972f4d3d9f0392b7dd80b8
  category: main
  optional: false
- name: mdurl
  version: 0.1.0
  manager: conda
  platform: linux-64
  dependencies:
    python: '>=3.6'
  url: https://conda.anaconda.org/conda-forge/noarch/mdurl-0.1.0-pyhd8ed1ab_0.tar.bz2
  hash:
    md5: f8dab71fdc13b1bf29a01248b156d268
    sha256: c678b9194e025b1fb665bec30ee20aab93399203583875b1dcc0a3b52a8f5523
  category: main
  optional: false
- name: more-itertools
  version: 10.1.0
  manager: conda
  platform: linux-64
  dependencies:
    python: '>=3.8'
  url: https://conda.anaconda.org/conda-forge/noarch/more-itertools-10.1.0-pyhd8ed1ab_0.conda
  hash:
    md5: 8549fafed0351bbfaa1ddaa15fdf9b4e
    sha256: 07ce65497dec537e490992758934ddbc4fb5ed9285b41387a7cca966f1a98a0f
  category: main
  optional: false
- name: packaging
  version: '23.2'
  manager: conda
  platform: linux-64
  dependencies:
    python: '>=3.7'
  url: https://conda.anaconda.org/conda-forge/noarch/packaging-23.2-pyhd8ed1ab_0.conda
  hash:
    md5: 79002079284aa895f883c6b7f3f88fd6
    sha256: 69b3ace6cca2dab9047b2c24926077d81d236bef45329d264b394001e3c3e52f
  category: main
  optional: false
- name: pastel
  version: 0.2.1
  manager: conda
  platform: linux-64
  dependencies:
    python: '>=2.7'
  url: https://conda.anaconda.org/conda-forge/noarch/pastel-0.2.1-pyhd8ed1ab_0.tar.bz2
  hash:
    md5: a4eea5bff523f26442405bc5d1f52adb
    sha256: 9153f0f38c76a09da7688a61fdbf8f3d7504e2326bef53e4ec20d994311b15bd
  category: main
  optional: false
- name: pkginfo
  version: 1.9.6
  manager: conda
  platform: linux-64
  dependencies:
    python: '>=3.6'
  url: https://conda.anaconda.org/conda-forge/noarch/pkginfo-1.9.6-pyhd8ed1ab_0.conda
  hash:
    md5: be1e9f1c65a1ed0f2ae9352fec99db64
    sha256: 7ea5a5af62a15376d9f4f9f3c134874d0b0710f39be719e849b7fa9ca8870502
  category: main
  optional: false
- name: pycparser
  version: '2.21'
  manager: conda
  platform: linux-64
  dependencies:
    python: =2.7|>=3.4
  url: https://conda.anaconda.org/conda-forge/noarch/pycparser-2.21-pyhd8ed1ab_0.tar.bz2
  hash:
    md5: 076becd9e05608f8dc72757d5f3a91ff
    sha256: 74c63fd03f1f1ea2b54e8bc529fd1a600aaafb24027b738d0db87909ee3a33dc
  category: main
  optional: false
- name: pygments
  version: 2.16.1
  manager: conda
  platform: linux-64
  dependencies:
    python: '>=3.7'
  url: https://conda.anaconda.org/conda-forge/noarch/pygments-2.16.1-pyhd8ed1ab_0.conda
  hash:
    md5: 40e5cb18165466773619e5c963f00a7b
    sha256: 3f0f0fadc6084960ec8cc00a32a03529c562ffea3b527eb73b1653183daad389
  category: main
  optional: false
- name: pylev
  version: 1.4.0
  manager: conda
  platform: linux-64
  dependencies:
    python: '>=3.3'
  url: https://conda.anaconda.org/conda-forge/noarch/pylev-1.4.0-pyhd8ed1ab_0.tar.bz2
  hash:
    md5: edf8651c4379d9d1495ad6229622d150
    sha256: 50bd91767686bfe769e50a5a1b883e238d944a6163fea43e7c0beaac54ca674f
  category: main
  optional: false
- name: pysocks
  version: 1.7.1
  manager: conda
  platform: linux-64
  dependencies:
    __unix: ''
    python: '>=3.8'
  url: https://conda.anaconda.org/conda-forge/noarch/pysocks-1.7.1-pyha2e5f31_6.tar.bz2
  hash:
    md5: 2a7de29fb590ca14b5243c4c812c8025
    sha256: a42f826e958a8d22e65b3394f437af7332610e43ee313393d1cf143f0a2d274b
  category: main
  optional: false
- name: python-dotenv
  version: 1.0.0
  manager: conda
  platform: linux-64
  dependencies:
    python: '>=3.8'
  url: https://conda.anaconda.org/conda-forge/noarch/python-dotenv-1.0.0-pyhd8ed1ab_1.conda
  hash:
    md5: 111e7f9edd31865e2659fa9aad8ec8fd
    sha256: bc5663f224ff6d8a399ec6bd8517e0c0f87a69ead438f82e5ce5c30f00077586
  category: main
  optional: false
- name: python-installer
  version: 0.7.0
  manager: conda
  platform: linux-64
  dependencies:
    python: '>=3.7'
  url: https://conda.anaconda.org/conda-forge/noarch/python-installer-0.7.0-pyhd8ed1ab_0.conda
  hash:
    md5: 65dea78f903d686c8b0c2feaf0e15e1f
    sha256: 822f95b7786cfa61a6519153117b21d93194890e02a884b9f66ee4275e4f1c0a
  category: main
  optional: false
- name: python_abi
  version: '3.8'
  manager: conda
  platform: linux-64
  dependencies:
    python: 3.8.*
  url: https://conda.anaconda.org/conda-forge/linux-64/python_abi-3.8-2_cp38.tar.bz2
  hash:
    md5: bfbb29d517281e78ac53e48d21e6e860
    sha256: 8535eaa9225ce212f8ed437c4a7341409903a4c005ecb6d36c63af2793b59689
  category: main
  optional: false
- name: resolvelib
  version: 1.0.1
  manager: conda
  platform: linux-64
  dependencies:
    python: '>=3.6'
  url: https://conda.anaconda.org/conda-forge/noarch/resolvelib-1.0.1-pyhd8ed1ab_0.conda
  hash:
    md5: 3f9f4ffb76bd4524792f2ff02f446819
    sha256: aa100c5e8c9c7731e5d9f56435bfd89bd9e34551f12cd0a4b0df69470695270e
  category: main
  optional: false
- name: setuptools
  version: 68.2.2
  manager: conda
  platform: linux-64
  dependencies:
    python: '>=3.7'
  url: https://conda.anaconda.org/conda-forge/noarch/setuptools-68.2.2-pyhd8ed1ab_0.conda
  hash:
    md5: fc2166155db840c634a1291a5c35a709
    sha256: 851901b1f8f2049edb36a675f0c3f9a98e1495ef4eb214761b048c6f696a06f7
  category: main
  optional: false
- name: shellingham
  version: 1.5.3
  manager: conda
  platform: linux-64
  dependencies:
    python: '>=3.7'
  url: https://conda.anaconda.org/conda-forge/noarch/shellingham-1.5.3-pyhd8ed1ab_0.conda
  hash:
    md5: 83795060a5d8cd12b90a58bd62bc251e
    sha256: 1e204005ad00a48ab3fd67b6b154b388084ac9743b31952d2f6138cfd20dab18
  category: main
  optional: false
- name: six
  version: 1.16.0
  manager: conda
  platform: linux-64
  dependencies:
    python: ''
  url: https://conda.anaconda.org/conda-forge/noarch/six-1.16.0-pyh6c4a22f_0.tar.bz2
  hash:
    md5: e5f25f8dbc060e9a8d912e432202afc2
    sha256: a85c38227b446f42c5b90d9b642f2c0567880c15d72492d8da074a59c8f91dd6
  category: main
  optional: false
- name: smmap
  version: 3.0.5
  manager: conda
  platform: linux-64
  dependencies:
    python: ''
  url: https://conda.anaconda.org/conda-forge/noarch/smmap-3.0.5-pyh44b312d_0.tar.bz2
  hash:
    md5: 3a8dc70789709aa315325d5df06fb7e4
    sha256: 091de70ee6bfe063e0c0f77336975d124fd1e3f49b9c58d97c0c7b3d287c0002
  category: main
  optional: false
- name: tomli
  version: 2.0.1
  manager: conda
  platform: linux-64
  dependencies:
    python: '>=3.7'
  url: https://conda.anaconda.org/conda-forge/noarch/tomli-2.0.1-pyhd8ed1ab_0.tar.bz2
  hash:
    md5: 5844808ffab9ebdb694585b50ba02a96
    sha256: 4cd48aba7cd026d17e86886af48d0d2ebc67ed36f87f6534f4b67138f5a5a58f
  category: main
  optional: false
- name: tomlkit
  version: 0.12.1
  manager: conda
  platform: linux-64
  dependencies:
    python: '>=3.7'
  url: https://conda.anaconda.org/conda-forge/noarch/tomlkit-0.12.1-pyha770c72_0.conda
  hash:
    md5: 62f5b331c53d73e2f6c4c130b53518a0
    sha256: dc4abf58ca42f29e12b8c0f8aadedfca49cc1e97dab025d15cf000b1787df773
  category: main
  optional: false
- name: toolz
  version: 0.12.0
  manager: conda
  platform: linux-64
  dependencies:
    python: '>=3.5'
  url: https://conda.anaconda.org/conda-forge/noarch/toolz-0.12.0-pyhd8ed1ab_0.tar.bz2
  hash:
    md5: 92facfec94bc02d6ccf42e7173831a36
    sha256: 90229da7665175b0185183ab7b53f50af487c7f9b0f47cf09c184cbc139fd24b
  category: main
  optional: false
- name: typing_extensions
  version: 4.8.0
  manager: conda
  platform: linux-64
  dependencies:
    python: '>=3.8'
  url: https://conda.anaconda.org/conda-forge/noarch/typing_extensions-4.8.0-pyha770c72_0.conda
  hash:
    md5: 5b1be40a26d10a06f6d4f1f9e19fa0c7
    sha256: 38d16b5c53ec1af845d37d22e7bb0e6c934c7f19499123507c5a470f6f8b7dde
  category: main
  optional: false
- name: webencodings
  version: 0.5.1
  manager: conda
  platform: linux-64
  dependencies:
    python: '>=2.6'
  url: https://conda.anaconda.org/conda-forge/noarch/webencodings-0.5.1-pyhd8ed1ab_2.conda
  hash:
    md5: daf5160ff9cde3a468556965329085b9
    sha256: 2adf9bd5482802837bc8814cbe28d7b2a4cbd2e2c52e381329eaa283b3ed1944
  category: main
  optional: false
- name: wheel
  version: 0.41.2
  manager: conda
  platform: linux-64
  dependencies:
    python: '>=3.7'
  url: https://conda.anaconda.org/conda-forge/noarch/wheel-0.41.2-pyhd8ed1ab_0.conda
  hash:
    md5: 1ccd092478b3e0ee10d7a891adbf8a4f
    sha256: 21bcec5373b04d739ab65252b5532b04a08d229865ebb24b5b94902d6d0a77b0
  category: main
  optional: false
- name: zipp
  version: 3.17.0
  manager: conda
  platform: linux-64
  dependencies:
    python: '>=3.8'
  url: https://conda.anaconda.org/conda-forge/noarch/zipp-3.17.0-pyhd8ed1ab_0.conda
  hash:
    md5: 2e4d6bc0b14e10f895fc6791a7d9b26a
    sha256: bced1423fdbf77bca0a735187d05d9b9812d2163f60ab426fc10f11f92ecbe26
  category: main
  optional: false
- name: brotli-python
  version: 1.1.0
  manager: conda
  platform: linux-64
  dependencies:
    libgcc-ng: '>=12'
    libstdcxx-ng: '>=12'
    python: '>=3.8,<3.9.0a0'
    python_abi: 3.8.*
  url: https://conda.anaconda.org/conda-forge/linux-64/brotli-python-1.1.0-py38h17151c0_1.conda
  hash:
    md5: 7a5a699c8992fc51ef25e980f4502c2a
    sha256: f932ae77f10885dd991b0e1f56f6effea9f19b169e8606dab0bdafd0e44db3c9
  category: main
  optional: false
- name: cached-property
  version: 1.5.2
  manager: conda
  platform: linux-64
  dependencies:
    cached_property: '>=1.5.2,<1.5.3.0a0'
  url: https://conda.anaconda.org/conda-forge/noarch/cached-property-1.5.2-hd8ed1ab_1.tar.bz2
  hash:
    md5: 9b347a7ec10940d3f7941ff6c460b551
    sha256: 561e6660f26c35d137ee150187d89767c988413c978e1b712d53f27ddf70ea17
  category: main
  optional: false
- name: cffi
  version: 1.14.4
  manager: conda
  platform: linux-64
  dependencies:
    libffi: '>=3.2.1,<3.3.0a0'
    libgcc-ng: '>=7.5.0'
    pycparser: ''
    python: '>=3.8,<3.9.0a0'
    python_abi: 3.8.*
  url: https://conda.anaconda.org/conda-forge/linux-64/cffi-1.14.4-py38ha312104_0.tar.bz2
  hash:
    md5: 8f82b87522fbb1d4b24e8b5e2b1d0501
    sha256: 563bd8ee5c7f9a13d6bfb72cd3f801eec435adf06c824262eb8cdaef0cd5b990
  category: main
  optional: false
- name: click-default-group
  version: 1.2.4
  manager: conda
  platform: linux-64
  dependencies:
    click: ''
    python: '>=2.7'
  url: https://conda.anaconda.org/conda-forge/noarch/click-default-group-1.2.4-pyhd8ed1ab_0.conda
  hash:
    md5: 7c2b6931f9b3548ed78478332095c3e9
    sha256: b36e35d735ddd29d7c592eb3de4b3979e13a9f76f1b4bc939f2cb4402758d6d0
  category: main
  optional: false
- name: clikit
  version: 0.6.2
  manager: conda
  platform: linux-64
  dependencies:
    pastel: '>=0.2.0,<0.3.0'
    pylev: '>=1.3,<2.0'
    python: '>=3.7'
  url: https://conda.anaconda.org/conda-forge/noarch/clikit-0.6.2-pyhd8ed1ab_2.conda
  hash:
    md5: 02abb7b66b02e8b9f5a9b05454400087
    sha256: 2d582bc15d9116ec5467b565fb87d9034c8b56f60943e8eb69407f55f1ab5a78
  category: main
  optional: false
- name: dbus
  version: 1.13.6
  manager: conda
  platform: linux-64
  dependencies:
    expat: '>=2.2.9,<2.3.0a0'
    glib: ''
    libgcc-ng: '>=7.5.0'
    libglib: '>=2.64.6,<3.0a0'
  url: https://conda.anaconda.org/conda-forge/linux-64/dbus-1.13.6-hfdff14a_1.tar.bz2
  hash:
    md5: 4caaca6356992ee545080c7d7193b5a3
    sha256: 811b1759a8c33cd6d14dc1134aa60bd98eb62861a42413fecb367a2e06d7c4a1
  category: main
  optional: false
- name: findpython
  version: 0.4.0
  manager: conda
  platform: linux-64
  dependencies:
    packaging: '>=20'
    python: '>=3.7'
  url: https://conda.anaconda.org/conda-forge/noarch/findpython-0.4.0-pyhd8ed1ab_0.conda
  hash:
    md5: 7d7ee6892ac25d64a8378e6be3ae22c9
    sha256: a936790463a249a91e0ea4af955b500839b020db68701ea5f577477f2bfc8c35
  category: main
  optional: false
- name: gitdb
  version: 4.0.10
  manager: conda
  platform: linux-64
  dependencies:
    python: '>=3.4'
    smmap: '>=3.0.1,<4'
  url: https://conda.anaconda.org/conda-forge/noarch/gitdb-4.0.10-pyhd8ed1ab_0.conda
  hash:
    md5: 3706d2f3d7cb5dae600c833345a76132
    sha256: 0003ab2b971913380633c711bf49a54dcf06e179986c725b0925854b58878377
  category: main
  optional: false
- name: html5lib
  version: '1.1'
  manager: conda
  platform: linux-64
  dependencies:
    python: ''
    six: '>=1.9'
    webencodings: ''
  url: https://conda.anaconda.org/conda-forge/noarch/html5lib-1.1-pyh9f0ad1d_0.tar.bz2
  hash:
    md5: b2355343d6315c892543200231d7154a
    sha256: 9ad06446fe9847e86cb20d220bf11614afcd2cbe9f58096f08d5d4018877bee4
  category: main
  optional: false
- name: importlib-metadata
  version: 6.8.0
  manager: conda
  platform: linux-64
  dependencies:
    python: '>=3.8'
    zipp: '>=0.5'
  url: https://conda.anaconda.org/conda-forge/noarch/importlib-metadata-6.8.0-pyha770c72_0.conda
  hash:
    md5: 4e9f59a060c3be52bc4ddc46ee9b6946
    sha256: 2797ed927d65324309b6c630190d917b9f2111e0c217b721f80429aeb57f9fcf
  category: main
  optional: false
- name: importlib_resources
  version: 6.1.0
  manager: conda
  platform: linux-64
  dependencies:
    python: '>=3.8'
    zipp: '>=3.1.0'
  url: https://conda.anaconda.org/conda-forge/noarch/importlib_resources-6.1.0-pyhd8ed1ab_0.conda
  hash:
    md5: 48b0d98e0c0ec810d3ccc2a0926c8c0e
    sha256: adab6da633ec3b642f036ab5c1196c3e2db0e8db57fb0c7fc9a8e06e29fa9bdc
  category: main
  optional: false
- name: jaraco.classes
  version: 3.3.0
  manager: conda
  platform: linux-64
  dependencies:
    more-itertools: ''
    python: '>=3.7'
  url: https://conda.anaconda.org/conda-forge/noarch/jaraco.classes-3.3.0-pyhd8ed1ab_0.conda
  hash:
    md5: e9f79248d30e942f7c358ff21a1790f5
    sha256: 14f5240c3834e1b784dd41a5a14392d9150dff62a74ae851f73e65d2e2bbd891
  category: main
  optional: false
- name: markdown-it-py
  version: 3.0.0
  manager: conda
  platform: linux-64
  dependencies:
    mdurl: '>=0.1,<1'
    python: '>=3.8'
  url: https://conda.anaconda.org/conda-forge/noarch/markdown-it-py-3.0.0-pyhd8ed1ab_0.conda
  hash:
    md5: 93a8e71256479c62074356ef6ebf501b
    sha256: c041b0eaf7a6af3344d5dd452815cdc148d6284fec25a4fa3f4263b3a021e962
  category: main
  optional: false
- name: markupsafe
  version: 2.1.3
  manager: conda
  platform: linux-64
  dependencies:
    libgcc-ng: '>=12'
    python: '>=3.8,<3.9.0a0'
    python_abi: 3.8.*
  url: https://conda.anaconda.org/conda-forge/linux-64/markupsafe-2.1.3-py38h01eb140_1.conda
  hash:
    md5: 2dabf287937cd631e292096cc6d0867e
    sha256: 3d84b787b7059039d1ef81c4a3dc78c0fba84cefff7db9bda3bf3b18a6349474
  category: main
  optional: false
- name: msgpack-python
  version: 1.0.6
  manager: conda
  platform: linux-64
  dependencies:
    libgcc-ng: '>=12'
    libstdcxx-ng: '>=12'
    python: '>=3.8,<3.9.0a0'
    python_abi: 3.8.*
  url: https://conda.anaconda.org/conda-forge/linux-64/msgpack-python-1.0.6-py38h7f3f72f_0.conda
  hash:
    md5: 17db5fc1bbce1f0bad1bc0aab116bb4c
    sha256: ee03c424cf00f8d4c91d4319baefb1af8e4a75a62af313237689af6db8e140f7
  category: main
  optional: false
- name: pip
  version: 23.2.1
  manager: conda
  platform: linux-64
  dependencies:
    python: '>=3.7'
    setuptools: ''
    wheel: ''
  url: https://conda.anaconda.org/conda-forge/noarch/pip-23.2.1-pyhd8ed1ab_0.conda
  hash:
    md5: e2783aa3f9235225eec92f9081c5b801
    sha256: 9e401b171856e12f6aa32ae5cc1ae1d3708aa7d705ddf359ee7dd0dffd73c2b5
  category: main
  optional: false
- name: pyproject_hooks
  version: 1.0.0
  manager: conda
  platform: linux-64
  dependencies:
    python: '>=3.7'
    tomli: '>=1.1.0'
  url: https://conda.anaconda.org/conda-forge/noarch/pyproject_hooks-1.0.0-pyhd8ed1ab_0.conda
  hash:
    md5: 21de50391d584eb7f4441b9de1ad773f
    sha256: 016340837fcfef57b351febcbe855eedf0c1f0ecfc910ed48c7fbd20535f9847
  category: main
  optional: false
- name: pyyaml
  version: 6.0.1
  manager: conda
  platform: linux-64
  dependencies:
    libgcc-ng: '>=12'
    python: '>=3.8,<3.9.0a0'
    python_abi: 3.8.*
    yaml: '>=0.2.5,<0.3.0a0'
  url: https://conda.anaconda.org/conda-forge/linux-64/pyyaml-6.0.1-py38h01eb140_1.conda
  hash:
    md5: 5f05353ae9a6c37e1b4aebc9f7834d23
    sha256: 7741529957e3b3428af73f003f043c9983ed672c69dc4aafef848b2583c4571b
  category: main
  optional: false
- name: ruamel.yaml.clib
  version: 0.2.7
  manager: conda
  platform: linux-64
  dependencies:
    libgcc-ng: '>=12'
    python: '>=3.8,<3.9.0a0'
    python_abi: 3.8.*
  url: https://conda.anaconda.org/conda-forge/linux-64/ruamel.yaml.clib-0.2.7-py38h01eb140_2.conda
  hash:
    md5: 91e6521bacbb90e22146bb41571cdb93
    sha256: 02006c7854a67c24825ff7dee6c4f2913e818c3d78c36f7da03ae8617b4270e1
  category: main
  optional: false
- name: typing-extensions
  version: 4.8.0
  manager: conda
  platform: linux-64
  dependencies:
    typing_extensions: 4.8.0
  url: https://conda.anaconda.org/conda-forge/noarch/typing-extensions-4.8.0-hd8ed1ab_0.conda
  hash:
    md5: 384462e63262a527bda564fa2d9126c0
    sha256: d6e1dddd0c372218ef15912383d351ac8c73465cbf16238017f0269813cafe2d
  category: main
  optional: false
- name: annotated-types
  version: 0.6.0
  manager: conda
  platform: linux-64
  dependencies:
    python: '>=3.7'
    typing-extensions: '>=4.0.0'
  url: https://conda.anaconda.org/conda-forge/noarch/annotated-types-0.6.0-pyhd8ed1ab_0.conda
  hash:
    md5: 997c29372bdbe2afee073dff71f35923
    sha256: 3a2c98154d95cfd54daba6b7d507d31f5ba07ac2ad955c44eb041b66563193cd
  category: main
  optional: false
- name: cryptography
  version: 39.0.0
  manager: conda
  platform: linux-64
  dependencies:
    cffi: '>=1.12'
    libgcc-ng: '>=12'
    openssl: '>=1.1.1s,<1.1.2a'
    python: '>=3.8,<3.9.0a0'
    python_abi: 3.8.*
  url: https://conda.anaconda.org/conda-forge/linux-64/cryptography-39.0.0-py38h1724139_0.conda
  hash:
    md5: 24e75282e857cb0641c4f1b82cf6d6ea
    sha256: acfe6ee2259a67bee6845d3eccac5e00689238382c7a6a0bd7ca0b88f0215375
  category: main
  optional: false
- name: gitpython
  version: 3.1.37
  manager: conda
  platform: linux-64
  dependencies:
    gitdb: '>=4.0.1,<5'
    python: '>=3.7'
    typing_extensions: '>=3.7.4.3'
  url: https://conda.anaconda.org/conda-forge/noarch/gitpython-3.1.37-pyhd8ed1ab_0.conda
  hash:
    md5: 8b94c329190fa6814f412adf2ab0f0a2
    sha256: 1993b954fcaea3a3927ad5e6ff0db49855fc07ba77aa42b5b9d8056e52e787a0
  category: main
  optional: false
- name: importlib-resources
  version: 6.1.0
  manager: conda
  platform: linux-64
  dependencies:
    importlib_resources: '>=6.1.0,<6.1.1.0a0'
    python: '>=3.7'
  url: https://conda.anaconda.org/conda-forge/noarch/importlib-resources-6.1.0-pyhd8ed1ab_0.conda
  hash:
    md5: 6a62c2cc25376a0d050b3d1d221c3ee9
    sha256: e1f0e12343a916c887648900680f93591d8a1db7c74b2d3f583f8b93855b052a
  category: main
  optional: false
- name: importlib_metadata
  version: 6.8.0
  manager: conda
  platform: linux-64
  dependencies:
    importlib-metadata: '>=6.8.0,<6.8.1.0a0'
  url: https://conda.anaconda.org/conda-forge/noarch/importlib_metadata-6.8.0-hd8ed1ab_0.conda
  hash:
    md5: b279b07ce18058034e5b3606ba103a8b
    sha256: b96e01dc42d547d6d9ceb1c5b52a5232cc04e40153534350f702c3e0418a6b3f
  category: main
  optional: false
- name: jinja2
  version: 3.1.2
  manager: conda
  platform: linux-64
  dependencies:
    markupsafe: '>=2.0'
    python: '>=3.7'
  url: https://conda.anaconda.org/conda-forge/noarch/jinja2-3.1.2-pyhd8ed1ab_1.tar.bz2
  hash:
    md5: c8490ed5c70966d232fdd389d0dbed37
    sha256: b045faba7130ab263db6a8fdc96b1a3de5fcf85c4a607c5f11a49e76851500b5
  category: main
  optional: false
- name: platformdirs
  version: 3.11.0
  manager: conda
  platform: linux-64
  dependencies:
    python: '>=3.7'
    typing-extensions: '>=4.6.3'
  url: https://conda.anaconda.org/conda-forge/noarch/platformdirs-3.11.0-pyhd8ed1ab_0.conda
  hash:
    md5: 8f567c0a74aa44cf732f15773b4083b0
    sha256: b3d809ff5a18ee8514bba8bc05a23b4cdf1758090a18a2cf742af38aed405144
  category: main
  optional: false
- name: pydantic-core
  version: 2.10.1
  manager: conda
  platform: linux-64
  dependencies:
    libgcc-ng: '>=12'
    python: '>=3.8,<3.9.0a0'
    python_abi: 3.8.*
    typing-extensions: '>=4.6.0'
  url: https://conda.anaconda.org/conda-forge/linux-64/pydantic-core-2.10.1-py38h0cc4f7c_0.conda
  hash:
    md5: 5f7e9aa3ae7683fdf1c5d981260fd195
    sha256: f03965f6a3aadb1865725b837d94d86266df34e3b77905ec1fa423fec9af9aef
  category: main
  optional: false
- name: rich
  version: 13.6.0
  manager: conda
  platform: linux-64
  dependencies:
    markdown-it-py: '>=2.2.0'
    pygments: '>=2.13.0,<3.0.0'
    python: '>=3.7.0'
    typing_extensions: '>=4.0.0,<5.0.0'
  url: https://conda.anaconda.org/conda-forge/noarch/rich-13.6.0-pyhd8ed1ab_0.conda
  hash:
    md5: 3ca4829f40710f581ca1d76bc907e99f
    sha256: a2f8838a75ab8c2c1da0a813c7569d4f6efba0d2b5dc3a7659e2cb6d96bd8e19
  category: main
  optional: false
- name: ruamel.yaml
  version: 0.17.35
  manager: conda
  platform: linux-64
  dependencies:
    libgcc-ng: '>=12'
    python: '>=3.8,<3.9.0a0'
    python_abi: 3.8.*
    ruamel.yaml.clib: '>=0.1.2'
    setuptools: ''
  url: https://conda.anaconda.org/conda-forge/linux-64/ruamel.yaml-0.17.35-py38h01eb140_0.conda
  hash:
    md5: 36887eb1d27b72e4fdc62845863e75ff
    sha256: 8bef804f99188ec5cbfb9337c1dba616eccbaff3944a70946f14945e2ffd38f1
  category: main
  optional: false
- name: urllib3
  version: 1.26.17
  manager: conda
  platform: linux-64
  dependencies:
    brotli-python: '>=1.0.9'
    pysocks: '>=1.5.6,<2.0,!=1.5.7'
    python: '>=3.7'
  url: https://conda.anaconda.org/conda-forge/noarch/urllib3-1.26.17-pyhd8ed1ab_0.conda
  hash:
    md5: 3b94800e11804555e40971c97fd3e801
    sha256: 6fbd62aa5fc060bfada26a0f4ad1dab6709a1fe62b3b04dbed49fcc94663979d
  category: main
  optional: false
- name: pydantic
  version: 2.4.2
  manager: conda
  platform: linux-64
  dependencies:
    annotated-types: '>=0.4.0'
    pydantic-core: 2.10.1
    python: '>=3.7'
    typing-extensions: '>=4.6.1'
  url: https://conda.anaconda.org/conda-forge/noarch/pydantic-2.4.2-pyhd8ed1ab_0.conda
  hash:
    md5: 9239f393a710c57ce959b29fbc54a01c
    sha256: e77a457b28a34a3f59316d41647c0ff253766802a8a825d7bb4606dee43ffdbc
  category: main
  optional: false
- name: requests
  version: 2.31.0
  manager: conda
  platform: linux-64
  dependencies:
    certifi: '>=2017.4.17'
    charset-normalizer: '>=2,<4'
    idna: '>=2.5,<4'
    python: '>=3.7'
    urllib3: '>=1.21.1,<3'
  url: https://conda.anaconda.org/conda-forge/noarch/requests-2.31.0-pyhd8ed1ab_0.conda
  hash:
    md5: a30144e4156cdbb236f99ebb49828f8b
    sha256: 9f629d6fd3c8ac5f2a198639fe7af87c4db2ac9235279164bfe0fcb49d8c4bad
  category: main
  optional: false
- name: secretstorage
  version: 3.3.3
  manager: conda
  platform: linux-64
  dependencies:
    cryptography: ''
    dbus: ''
    jeepney: '>=0.6'
    python: '>=3.8,<3.9.0a0'
    python_abi: 3.8.*
  url: https://conda.anaconda.org/conda-forge/linux-64/secretstorage-3.3.3-py38h578d9bd_2.conda
  hash:
    md5: 36621c58fcd9624b97e960a89218fb06
    sha256: 339d6e1e31e03eb8a0009f28caaa4101b61693a195506db186d66323b3e2da4d
  category: main
  optional: false
- name: virtualenv
  version: 20.24.4
  manager: conda
  platform: linux-64
  dependencies:
    distlib: <1,>=0.3.7
    filelock: <4,>=3.12.2
    platformdirs: <4,>=3.9.1
    python: '>=3.8'
  url: https://conda.anaconda.org/conda-forge/noarch/virtualenv-20.24.4-pyhd8ed1ab_0.conda
  hash:
    md5: c3feaf947264a59a125e8c26e98c3c5a
    sha256: 85c96449202ca87ec12783d8675b3655b4cd7b7afe49f2dc37d743adb0ed177f
  category: main
  optional: false
- name: cachecontrol
  version: 0.13.1
  manager: conda
  platform: linux-64
  dependencies:
    msgpack-python: '>=0.5.2'
    python: '>=3.7'
    requests: '>=2.16.0'
  url: https://conda.anaconda.org/conda-forge/noarch/cachecontrol-0.13.1-pyhd8ed1ab_0.conda
  hash:
    md5: 174bd699bb5aa9e2622eb4b288276ff8
    sha256: aae7ab3a54989f9bf9273e4a17c911ba339a8b9354250bc11fb8eff2e3f4be60
  category: main
  optional: false
- name: ensureconda
  version: 1.4.3
  manager: conda
  platform: linux-64
  dependencies:
    appdirs: ''
    click: '>=5.1'
    filelock: ''
    python: '>=3.7'
    requests: '>=2'
  url: https://conda.anaconda.org/conda-forge/noarch/ensureconda-1.4.3-pyhd8ed1ab_0.tar.bz2
  hash:
    md5: c99ae3abf501990769047b4b40a98f17
    sha256: b71784b6c24d2320b2f796d074e75e7dd1be7b7fc0f719c5cf3a582270b368d6
  category: main
  optional: false
- name: keyring
  version: 24.2.0
  manager: conda
  platform: linux-64
  dependencies:
    importlib_metadata: '>=4.11.4'
    importlib_resources: ''
    jaraco.classes: ''
    jeepney: '>=0.4.2'
    python: '>=3.8,<3.9.0a0'
    python_abi: 3.8.*
    secretstorage: '>=3.2'
  url: https://conda.anaconda.org/conda-forge/linux-64/keyring-24.2.0-py38h578d9bd_1.conda
  hash:
    md5: 17d64bc5e6908349a966b9bc2fd12c33
    sha256: 89c963d8dd7e15cb2cb8b86cefeb8854278de3912d2d2708b805fef2347830b8
  category: main
  optional: false
- name: requests-toolbelt
  version: 1.0.0
  manager: conda
  platform: linux-64
  dependencies:
    python: '>=3.6'
    requests: '>=2.0.1,<3.0.0'
  url: https://conda.anaconda.org/conda-forge/noarch/requests-toolbelt-1.0.0-pyhd8ed1ab_0.conda
  hash:
    md5: 99c98318c8646b08cc764f90ce98906e
    sha256: 20eaefc5dba74ff6c31e537533dde59b5b20f69e74df49dff19d43be59785fa3
  category: main
  optional: false
- name: unearth
  version: 0.11.1
  manager: conda
  platform: linux-64
  dependencies:
    cached-property: '>=1.5.2'
    packaging: '>=20'
    python: '>=3.7'
    requests: '>=2.25'
  url: https://conda.anaconda.org/conda-forge/noarch/unearth-0.11.1-pyhd8ed1ab_0.conda
  hash:
    md5: e3c74490b503e693e21572d01f55e0eb
    sha256: dfb047f4a67840a048a439832de6f6889b2da3d537d60fab8a0fa5b5f870c315
  category: main
  optional: false
- name: cachecontrol-with-filecache
  version: 0.13.1
  manager: conda
  platform: linux-64
  dependencies:
    cachecontrol: 0.13.1
    filelock: '>=3.8.0'
    python: '>=3.7'
  url: https://conda.anaconda.org/conda-forge/noarch/cachecontrol-with-filecache-0.13.1-pyhd8ed1ab_0.conda
  hash:
    md5: 8c4781ca0893cff3a64423954ce234a1
    sha256: 7fd3cd4a667da284ae3aad9b8cb4d592099bc02ed6566cbae00bd8c0b0604e85
  category: main
  optional: false
- name: pdm
  version: 2.9.3
  manager: conda
  platform: linux-64
  dependencies:
    blinker: ''
    cachecontrol: '>=0.13.0'
    certifi: ''
    filelock: '>=3.8.0'
    findpython: '>=0.4.0,<1.0.0a0'
    importlib-metadata: '>=3.6'
    importlib-resources: '>=5'
    packaging: '>=20.9,!=22.0'
    pip: '>=20.1'
    platformdirs: ''
    pyproject_hooks: ''
    python: '>=3.8,<3.9.0a0'
    python-dotenv: '>=0.15'
    python-installer: <0.8,>=0.7
    python_abi: 3.8.*
    requests-toolbelt: ''
    resolvelib: '>=1.0.1'
    rich: '>=12.3.0'
    shellingham: '>=1.3.2'
    tomli: '>=1.1.0'
    tomlkit: '>=0.11.1,<1'
    unearth: '>=0.10.0'
    virtualenv: '>=20'
  url: https://conda.anaconda.org/conda-forge/linux-64/pdm-2.9.3-py38h578d9bd_1.conda
  hash:
    md5: 8d7b337de9095cf306df12f4b1c45010
    sha256: bdccb35d2d8a89170f078d632858ce5dbd06982566e68d85b524e20547fcc480
  category: main
  optional: false
- name: conda-lock
  version: 2.2.1
  manager: conda
  platform: linux-64
  dependencies:
    cachecontrol-with-filecache: '>=0.12.9'
    cachy: '>=0.3.0'
    click: '>=8.0'
    click-default-group: ''
    clikit: '>=0.6.2'
    crashtest: '>=0.3.0'
    ensureconda: '>=1.3'
    gitpython: '>=3.1.30'
    html5lib: '>=1.0'
    jinja2: ''
    keyring: '>=21.2.0'
    packaging: '>=20.4'
    pkginfo: '>=1.4'
    pydantic: '>=1.10'
    python: '>=3.8'
    pyyaml: '>=5.1'
    requests: '>=2.18'
    ruamel.yaml: ''
    tomli: ''
    tomlkit: '>=0.7.0'
    toolz: '>=0.12.0,<1.0.0'
    typing_extensions: ''
    urllib3: '>=1.26.5,<2.0'
    virtualenv: '>=20.0.26'
  url: https://conda.anaconda.org/conda-forge/noarch/conda-lock-2.2.1-pyhd8ed1ab_0.conda
  hash:
    md5: 9280aca84a6d6874f59083f70beb2392
    sha256: 52b05405c64b8ec423fbbe271307cacc9c71f1c90840de1deea9a7fd918f3eed
  category: main
  optional: false
